// !$*UTF8*$!
{
	archiveVersion = 1;
	classes = {
	};
	objectVersion = 46;
	objects = {

/* Begin PBXBuildFile section */
		8210DF8E14022D7D007D8E83 /* tableheader.png in Resources */ = {isa = PBXBuildFile; fileRef = 8210DF8C14022D7B007D8E83 /* tableheader.png */; };
		8210DF8F14022D7D007D8E83 /* tableheaderselected.png in Resources */ = {isa = PBXBuildFile; fileRef = 8210DF8D14022D7C007D8E83 /* tableheaderselected.png */; };
		823C787D1402491B00FCAAFD /* customcell.png in Resources */ = {isa = PBXBuildFile; fileRef = 823C787C1402491B00FCAAFD /* customcell.png */; };
		824D4A4613FE246300909A19 /* LoginViewController.m in Sources */ = {isa = PBXBuildFile; fileRef = 824D4A4413FE246300909A19 /* LoginViewController.m */; };
		824D4A4713FE246300909A19 /* LoginViewController.xib in Resources */ = {isa = PBXBuildFile; fileRef = 824D4A4513FE246300909A19 /* LoginViewController.xib */; };
		824D4A4A13FE250F00909A19 /* LoginData.m in Sources */ = {isa = PBXBuildFile; fileRef = 824D4A4913FE250F00909A19 /* LoginData.m */; };
		824D4A5813FE291300909A19 /* SubmissionTrackViewcontroller.m in Sources */ = {isa = PBXBuildFile; fileRef = 824D4A5613FE291300909A19 /* SubmissionTrackViewcontroller.m */; };
		824D4A5C13FE295D00909A19 /* MyAccountData.m in Sources */ = {isa = PBXBuildFile; fileRef = 824D4A5B13FE295D00909A19 /* MyAccountData.m */; };
		824D4A5F13FE297800909A19 /* SubmissionTrackData.m in Sources */ = {isa = PBXBuildFile; fileRef = 824D4A5E13FE297700909A19 /* SubmissionTrackData.m */; };
		824D4A6213FE298C00909A19 /* SubmitCaseData.m in Sources */ = {isa = PBXBuildFile; fileRef = 824D4A6113FE298C00909A19 /* SubmitCaseData.m */; };
		824D4A7413FE2EEB00909A19 /* MyAccountViewController.m in Sources */ = {isa = PBXBuildFile; fileRef = 824D4A7213FE2EEB00909A19 /* MyAccountViewController.m */; };
		824D4A7513FE2EEB00909A19 /* MyAccountViewController.xib in Resources */ = {isa = PBXBuildFile; fileRef = 824D4A7313FE2EEB00909A19 /* MyAccountViewController.xib */; };
		824D4A7913FE2F0A00909A19 /* SubmitCaseViewController.m in Sources */ = {isa = PBXBuildFile; fileRef = 824D4A7713FE2F0A00909A19 /* SubmitCaseViewController.m */; };
		824D4A7A13FE2F0A00909A19 /* SubmitCaseViewController.xib in Resources */ = {isa = PBXBuildFile; fileRef = 824D4A7813FE2F0A00909A19 /* SubmitCaseViewController.xib */; };
		824D4A7D13FE3A9E00909A19 /* ServerIntractor.m in Sources */ = {isa = PBXBuildFile; fileRef = 824D4A7C13FE3A9E00909A19 /* ServerIntractor.m */; };
		824D4A8013FE3EE300909A19 /* PlistPerfomer.m in Sources */ = {isa = PBXBuildFile; fileRef = 824D4A7F13FE3EE200909A19 /* PlistPerfomer.m */; };
		824D4A8213FE4F3700909A19 /* insolex-properties.plist in Resources */ = {isa = PBXBuildFile; fileRef = 824D4A8113FE4F3500909A19 /* insolex-properties.plist */; };
		824D4A9913FE60AF00909A19 /* bg.png in Resources */ = {isa = PBXBuildFile; fileRef = 824D4A9013FE60AF00909A19 /* bg.png */; };
		824D4A9A13FE60AF00909A19 /* btn.png in Resources */ = {isa = PBXBuildFile; fileRef = 824D4A9113FE60AF00909A19 /* btn.png */; };
		824D4A9B13FE60AF00909A19 /* Checkmark_selected.png in Resources */ = {isa = PBXBuildFile; fileRef = 824D4A9213FE60AF00909A19 /* Checkmark_selected.png */; };
		824D4A9C13FE60AF00909A19 /* Checkmark_unselected.png in Resources */ = {isa = PBXBuildFile; fileRef = 824D4A9313FE60AF00909A19 /* Checkmark_unselected.png */; };
		824D4A9D13FE60AF00909A19 /* combobtn.png in Resources */ = {isa = PBXBuildFile; fileRef = 824D4A9413FE60AF00909A19 /* combobtn.png */; };
		824D4A9E13FE60AF00909A19 /* forgetquestion.png in Resources */ = {isa = PBXBuildFile; fileRef = 824D4A9513FE60AF00909A19 /* forgetquestion.png */; };
		824D4A9F13FE60AF00909A19 /* login.png in Resources */ = {isa = PBXBuildFile; fileRef = 824D4A9613FE60AF00909A19 /* login.png */; };
		824D4AA013FE60AF00909A19 /* textbox.png in Resources */ = {isa = PBXBuildFile; fileRef = 824D4A9713FE60AF00909A19 /* textbox.png */; };
		824D4AA113FE60AF00909A19 /* titlelogo.png in Resources */ = {isa = PBXBuildFile; fileRef = 824D4A9813FE60AF00909A19 /* titlelogo.png */; };
		826623AE1407A68000A8A7C3 /* Base64.m in Sources */ = {isa = PBXBuildFile; fileRef = 826623A91407A68000A8A7C3 /* Base64.m */; };
		826623AF1407A68000A8A7C3 /* NSData-AES.m in Sources */ = {isa = PBXBuildFile; fileRef = 826623AB1407A68000A8A7C3 /* NSData-AES.m */; };
		826623B01407A68000A8A7C3 /* rijndael.c in Sources */ = {isa = PBXBuildFile; fileRef = 826623AC1407A68000A8A7C3 /* rijndael.c */; };
		827F342F140B925E005B8716 /* customcell1.png in Resources */ = {isa = PBXBuildFile; fileRef = 827F342E140B925D005B8716 /* customcell1.png */; };
		82A2ADDB13FE557000E853EF /* FlowLogicController.m in Sources */ = {isa = PBXBuildFile; fileRef = 82A2ADDA13FE557000E853EF /* FlowLogicController.m */; };
		82B1B34F140E0D9E007A4753 /* NSObject+SBJSON.m in Sources */ = {isa = PBXBuildFile; fileRef = 82B1B342140E0D9E007A4753 /* NSObject+SBJSON.m */; };
		82B1B350140E0D9E007A4753 /* NSString+SBJSON.m in Sources */ = {isa = PBXBuildFile; fileRef = 82B1B344140E0D9E007A4753 /* NSString+SBJSON.m */; };
		82B1B351140E0D9E007A4753 /* SBJSON.m in Sources */ = {isa = PBXBuildFile; fileRef = 82B1B346140E0D9E007A4753 /* SBJSON.m */; };
		82B1B352140E0D9E007A4753 /* SBJsonBase.m in Sources */ = {isa = PBXBuildFile; fileRef = 82B1B348140E0D9E007A4753 /* SBJsonBase.m */; };
		82B1B353140E0D9E007A4753 /* SBJsonParser.m in Sources */ = {isa = PBXBuildFile; fileRef = 82B1B34A140E0D9E007A4753 /* SBJsonParser.m */; };
		82B1B354140E0D9E007A4753 /* SBJsonWriter.m in Sources */ = {isa = PBXBuildFile; fileRef = 82B1B34C140E0D9E007A4753 /* SBJsonWriter.m */; };
		82C0930613FD17E300D3F12D /* UIKit.framework in Frameworks */ = {isa = PBXBuildFile; fileRef = 82C0930513FD17E300D3F12D /* UIKit.framework */; };
		82C0930813FD17E300D3F12D /* Foundation.framework in Frameworks */ = {isa = PBXBuildFile; fileRef = 82C0930713FD17E300D3F12D /* Foundation.framework */; };
		82C0930A13FD17E300D3F12D /* CoreGraphics.framework in Frameworks */ = {isa = PBXBuildFile; fileRef = 82C0930913FD17E300D3F12D /* CoreGraphics.framework */; };
		82C0931013FD17E300D3F12D /* InfoPlist.strings in Resources */ = {isa = PBXBuildFile; fileRef = 82C0930E13FD17E300D3F12D /* InfoPlist.strings */; };
		82C0931313FD17E300D3F12D /* main.m in Sources */ = {isa = PBXBuildFile; fileRef = 82C0931213FD17E300D3F12D /* main.m */; };
		82C0931613FD17E300D3F12D /* InsolexAppDelegate.m in Sources */ = {isa = PBXBuildFile; fileRef = 82C0931513FD17E300D3F12D /* InsolexAppDelegate.m */; };
		82C0931913FD17E300D3F12D /* MainWindow.xib in Resources */ = {isa = PBXBuildFile; fileRef = 82C0931713FD17E300D3F12D /* MainWindow.xib */; };
		82C8D5C214165A7600C5B5CD /* Staticlist_Property_List.plist in Resources */ = {isa = PBXBuildFile; fileRef = 82C8D5C114165A7600C5B5CD /* Staticlist_Property_List.plist */; };
		82E43382141898CB001185A2 /* CustomColors.m in Sources */ = {isa = PBXBuildFile; fileRef = 82E43381141898CB001185A2 /* CustomColors.m */; };
		82E433841418C2A5001185A2 /* logout.png in Resources */ = {isa = PBXBuildFile; fileRef = 82E433831418C2A5001185A2 /* logout.png */; };
		F50C10BD140D0D3500678ED0 /* plist_surgical.plist in Resources */ = {isa = PBXBuildFile; fileRef = F50C10BC140D0D3500678ED0 /* plist_surgical.plist */; };
		F53E7D581410EC4D00863783 /* app-icon.png in Resources */ = {isa = PBXBuildFile; fileRef = F53E7D571410EC4D00863783 /* app-icon.png */; };
		F58D8C4F1410DCE00044D4C9 /* SubmissionTrackViewcontroller.xib in Resources */ = {isa = PBXBuildFile; fileRef = F58D8C4E1410DCDF0044D4C9 /* SubmissionTrackViewcontroller.xib */; };
		F58D8C5B1410E4480044D4C9 /* Entitlements.plist in Resources */ = {isa = PBXBuildFile; fileRef = F58D8C5A1410E4410044D4C9 /* Entitlements.plist */; };
		F5959F39140CBD7F00DFAA5F /* SelectionViewController.m in Sources */ = {isa = PBXBuildFile; fileRef = F5959F37140CBD7F00DFAA5F /* SelectionViewController.m */; };
		F5959F3A140CBD7F00DFAA5F /* SelectionViewController.xib in Resources */ = {isa = PBXBuildFile; fileRef = F5959F38140CBD7F00DFAA5F /* SelectionViewController.xib */; };
		F5BE670114050D3600A512FC /* plist_security.plist in Resources */ = {isa = PBXBuildFile; fileRef = F5BE66FF14050D3600A512FC /* plist_security.plist */; };
		F5BE670214050D3600A512FC /* plist_Track_submission.plist in Resources */ = {isa = PBXBuildFile; fileRef = F5BE670014050D3600A512FC /* plist_Track_submission.plist */; };
/* End PBXBuildFile section */

/* Begin PBXFileReference section */
		8210DF8C14022D7B007D8E83 /* tableheader.png */ = {isa = PBXFileReference; lastKnownFileType = image.png; path = tableheader.png; sourceTree = "<group>"; };
		8210DF8D14022D7C007D8E83 /* tableheaderselected.png */ = {isa = PBXFileReference; lastKnownFileType = image.png; path = tableheaderselected.png; sourceTree = "<group>"; };
		823C787C1402491B00FCAAFD /* customcell.png */ = {isa = PBXFileReference; lastKnownFileType = image.png; path = customcell.png; sourceTree = "<group>"; };
		824D4A4313FE246300909A19 /* LoginViewController.h */ = {isa = PBXFileReference; fileEncoding = 4; lastKnownFileType = sourcecode.c.h; path = LoginViewController.h; sourceTree = "<group>"; };
		824D4A4413FE246300909A19 /* LoginViewController.m */ = {isa = PBXFileReference; fileEncoding = 4; lastKnownFileType = sourcecode.c.objc; path = LoginViewController.m; sourceTree = "<group>"; };
		824D4A4513FE246300909A19 /* LoginViewController.xib */ = {isa = PBXFileReference; fileEncoding = 4; lastKnownFileType = file.xib; path = LoginViewController.xib; sourceTree = "<group>"; };
		824D4A4813FE250F00909A19 /* LoginData.h */ = {isa = PBXFileReference; fileEncoding = 4; lastKnownFileType = sourcecode.c.h; path = LoginData.h; sourceTree = "<group>"; };
		824D4A4913FE250F00909A19 /* LoginData.m */ = {isa = PBXFileReference; fileEncoding = 4; lastKnownFileType = sourcecode.c.objc; path = LoginData.m; sourceTree = "<group>"; };
		824D4A5513FE291300909A19 /* SubmissionTrackViewcontroller.h */ = {isa = PBXFileReference; fileEncoding = 4; lastKnownFileType = sourcecode.c.h; path = SubmissionTrackViewcontroller.h; sourceTree = "<group>"; };
		824D4A5613FE291300909A19 /* SubmissionTrackViewcontroller.m */ = {isa = PBXFileReference; fileEncoding = 4; lastKnownFileType = sourcecode.c.objc; path = SubmissionTrackViewcontroller.m; sourceTree = "<group>"; };
		824D4A5A13FE295D00909A19 /* MyAccountData.h */ = {isa = PBXFileReference; fileEncoding = 4; lastKnownFileType = sourcecode.c.h; path = MyAccountData.h; sourceTree = "<group>"; };
		824D4A5B13FE295D00909A19 /* MyAccountData.m */ = {isa = PBXFileReference; fileEncoding = 4; lastKnownFileType = sourcecode.c.objc; path = MyAccountData.m; sourceTree = "<group>"; };
		824D4A5D13FE297700909A19 /* SubmissionTrackData.h */ = {isa = PBXFileReference; fileEncoding = 4; lastKnownFileType = sourcecode.c.h; path = SubmissionTrackData.h; sourceTree = "<group>"; };
		824D4A5E13FE297700909A19 /* SubmissionTrackData.m */ = {isa = PBXFileReference; fileEncoding = 4; lastKnownFileType = sourcecode.c.objc; path = SubmissionTrackData.m; sourceTree = "<group>"; };
		824D4A6013FE298C00909A19 /* SubmitCaseData.h */ = {isa = PBXFileReference; fileEncoding = 4; lastKnownFileType = sourcecode.c.h; path = SubmitCaseData.h; sourceTree = "<group>"; };
		824D4A6113FE298C00909A19 /* SubmitCaseData.m */ = {isa = PBXFileReference; fileEncoding = 4; lastKnownFileType = sourcecode.c.objc; path = SubmitCaseData.m; sourceTree = "<group>"; };
		824D4A7113FE2EEB00909A19 /* MyAccountViewController.h */ = {isa = PBXFileReference; fileEncoding = 4; lastKnownFileType = sourcecode.c.h; path = MyAccountViewController.h; sourceTree = "<group>"; };
		824D4A7213FE2EEB00909A19 /* MyAccountViewController.m */ = {isa = PBXFileReference; fileEncoding = 4; lastKnownFileType = sourcecode.c.objc; path = MyAccountViewController.m; sourceTree = "<group>"; };
		824D4A7313FE2EEB00909A19 /* MyAccountViewController.xib */ = {isa = PBXFileReference; fileEncoding = 4; lastKnownFileType = file.xib; path = MyAccountViewController.xib; sourceTree = "<group>"; };
		824D4A7613FE2F0A00909A19 /* SubmitCaseViewController.h */ = {isa = PBXFileReference; fileEncoding = 4; lastKnownFileType = sourcecode.c.h; path = SubmitCaseViewController.h; sourceTree = "<group>"; };
		824D4A7713FE2F0A00909A19 /* SubmitCaseViewController.m */ = {isa = PBXFileReference; fileEncoding = 4; lastKnownFileType = sourcecode.c.objc; path = SubmitCaseViewController.m; sourceTree = "<group>"; };
		824D4A7813FE2F0A00909A19 /* SubmitCaseViewController.xib */ = {isa = PBXFileReference; fileEncoding = 4; lastKnownFileType = file.xib; path = SubmitCaseViewController.xib; sourceTree = "<group>"; };
		824D4A7B13FE3A9E00909A19 /* ServerIntractor.h */ = {isa = PBXFileReference; fileEncoding = 4; lastKnownFileType = sourcecode.c.h; path = ServerIntractor.h; sourceTree = "<group>"; };
		824D4A7C13FE3A9E00909A19 /* ServerIntractor.m */ = {isa = PBXFileReference; fileEncoding = 4; lastKnownFileType = sourcecode.c.objc; path = ServerIntractor.m; sourceTree = "<group>"; };
		824D4A7E13FE3EE200909A19 /* PlistPerfomer.h */ = {isa = PBXFileReference; fileEncoding = 4; lastKnownFileType = sourcecode.c.h; path = PlistPerfomer.h; sourceTree = "<group>"; };
		824D4A7F13FE3EE200909A19 /* PlistPerfomer.m */ = {isa = PBXFileReference; fileEncoding = 4; lastKnownFileType = sourcecode.c.objc; path = PlistPerfomer.m; sourceTree = "<group>"; };
		824D4A8113FE4F3500909A19 /* insolex-properties.plist */ = {isa = PBXFileReference; fileEncoding = 4; lastKnownFileType = text.plist.xml; path = "insolex-properties.plist"; sourceTree = "<group>"; };
		824D4A8913FE573300909A19 /* FlowLogicDelegate.h */ = {isa = PBXFileReference; fileEncoding = 4; lastKnownFileType = sourcecode.c.h; path = FlowLogicDelegate.h; sourceTree = "<group>"; };
		824D4A9013FE60AF00909A19 /* bg.png */ = {isa = PBXFileReference; lastKnownFileType = image.png; path = bg.png; sourceTree = "<group>"; };
		824D4A9113FE60AF00909A19 /* btn.png */ = {isa = PBXFileReference; lastKnownFileType = image.png; path = btn.png; sourceTree = "<group>"; };
		824D4A9213FE60AF00909A19 /* Checkmark_selected.png */ = {isa = PBXFileReference; lastKnownFileType = image.png; path = Checkmark_selected.png; sourceTree = "<group>"; };
		824D4A9313FE60AF00909A19 /* Checkmark_unselected.png */ = {isa = PBXFileReference; lastKnownFileType = image.png; path = Checkmark_unselected.png; sourceTree = "<group>"; };
		824D4A9413FE60AF00909A19 /* combobtn.png */ = {isa = PBXFileReference; lastKnownFileType = image.png; path = combobtn.png; sourceTree = "<group>"; };
		824D4A9513FE60AF00909A19 /* forgetquestion.png */ = {isa = PBXFileReference; lastKnownFileType = image.png; path = forgetquestion.png; sourceTree = "<group>"; };
		824D4A9613FE60AF00909A19 /* login.png */ = {isa = PBXFileReference; lastKnownFileType = image.png; path = login.png; sourceTree = "<group>"; };
		824D4A9713FE60AF00909A19 /* textbox.png */ = {isa = PBXFileReference; lastKnownFileType = image.png; path = textbox.png; sourceTree = "<group>"; };
		824D4A9813FE60AF00909A19 /* titlelogo.png */ = {isa = PBXFileReference; lastKnownFileType = image.png; path = titlelogo.png; sourceTree = "<group>"; };
		826623A81407A68000A8A7C3 /* Base64.h */ = {isa = PBXFileReference; fileEncoding = 4; lastKnownFileType = sourcecode.c.h; path = Base64.h; sourceTree = "<group>"; };
		826623A91407A68000A8A7C3 /* Base64.m */ = {isa = PBXFileReference; fileEncoding = 4; lastKnownFileType = sourcecode.c.objc; path = Base64.m; sourceTree = "<group>"; };
		826623AA1407A68000A8A7C3 /* NSData-AES.h */ = {isa = PBXFileReference; fileEncoding = 4; lastKnownFileType = sourcecode.c.h; path = "NSData-AES.h"; sourceTree = "<group>"; };
		826623AB1407A68000A8A7C3 /* NSData-AES.m */ = {isa = PBXFileReference; fileEncoding = 4; lastKnownFileType = sourcecode.c.objc; path = "NSData-AES.m"; sourceTree = "<group>"; };
		826623AC1407A68000A8A7C3 /* rijndael.c */ = {isa = PBXFileReference; fileEncoding = 4; lastKnownFileType = sourcecode.c.c; path = rijndael.c; sourceTree = "<group>"; };
		826623AD1407A68000A8A7C3 /* rijndael.h */ = {isa = PBXFileReference; fileEncoding = 4; lastKnownFileType = sourcecode.c.h; path = rijndael.h; sourceTree = "<group>"; };
		827F342E140B925D005B8716 /* customcell1.png */ = {isa = PBXFileReference; lastKnownFileType = image.png; path = customcell1.png; sourceTree = "<group>"; };
		82A2ADD913FE557000E853EF /* FlowLogicController.h */ = {isa = PBXFileReference; fileEncoding = 4; lastKnownFileType = sourcecode.c.h; path = FlowLogicController.h; sourceTree = "<group>"; };
		82A2ADDA13FE557000E853EF /* FlowLogicController.m */ = {isa = PBXFileReference; fileEncoding = 4; lastKnownFileType = sourcecode.c.objc; path = FlowLogicController.m; sourceTree = "<group>"; };
		82B1B33A140E01D1007A4753 /* InsolexApi.h */ = {isa = PBXFileReference; fileEncoding = 4; lastKnownFileType = sourcecode.c.h; path = InsolexApi.h; sourceTree = "<group>"; };
		82B1B33C140E0D9E007A4753 /* JSON.h */ = {isa = PBXFileReference; fileEncoding = 4; lastKnownFileType = sourcecode.c.h; path = JSON.h; sourceTree = "<group>"; };
		82B1B341140E0D9E007A4753 /* NSObject+SBJSON.h */ = {isa = PBXFileReference; fileEncoding = 4; lastKnownFileType = sourcecode.c.h; path = "NSObject+SBJSON.h"; sourceTree = "<group>"; };
		82B1B342140E0D9E007A4753 /* NSObject+SBJSON.m */ = {isa = PBXFileReference; fileEncoding = 4; lastKnownFileType = sourcecode.c.objc; path = "NSObject+SBJSON.m"; sourceTree = "<group>"; };
		82B1B343140E0D9E007A4753 /* NSString+SBJSON.h */ = {isa = PBXFileReference; fileEncoding = 4; lastKnownFileType = sourcecode.c.h; path = "NSString+SBJSON.h"; sourceTree = "<group>"; };
		82B1B344140E0D9E007A4753 /* NSString+SBJSON.m */ = {isa = PBXFileReference; fileEncoding = 4; lastKnownFileType = sourcecode.c.objc; path = "NSString+SBJSON.m"; sourceTree = "<group>"; };
		82B1B345140E0D9E007A4753 /* SBJSON.h */ = {isa = PBXFileReference; fileEncoding = 4; lastKnownFileType = sourcecode.c.h; path = SBJSON.h; sourceTree = "<group>"; };
		82B1B346140E0D9E007A4753 /* SBJSON.m */ = {isa = PBXFileReference; fileEncoding = 4; lastKnownFileType = sourcecode.c.objc; path = SBJSON.m; sourceTree = "<group>"; };
		82B1B347140E0D9E007A4753 /* SBJsonBase.h */ = {isa = PBXFileReference; fileEncoding = 4; lastKnownFileType = sourcecode.c.h; path = SBJsonBase.h; sourceTree = "<group>"; };
		82B1B348140E0D9E007A4753 /* SBJsonBase.m */ = {isa = PBXFileReference; fileEncoding = 4; lastKnownFileType = sourcecode.c.objc; path = SBJsonBase.m; sourceTree = "<group>"; };
		82B1B349140E0D9E007A4753 /* SBJsonParser.h */ = {isa = PBXFileReference; fileEncoding = 4; lastKnownFileType = sourcecode.c.h; path = SBJsonParser.h; sourceTree = "<group>"; };
		82B1B34A140E0D9E007A4753 /* SBJsonParser.m */ = {isa = PBXFileReference; fileEncoding = 4; lastKnownFileType = sourcecode.c.objc; path = SBJsonParser.m; sourceTree = "<group>"; };
		82B1B34B140E0D9E007A4753 /* SBJsonWriter.h */ = {isa = PBXFileReference; fileEncoding = 4; lastKnownFileType = sourcecode.c.h; path = SBJsonWriter.h; sourceTree = "<group>"; };
		82B1B34C140E0D9E007A4753 /* SBJsonWriter.m */ = {isa = PBXFileReference; fileEncoding = 4; lastKnownFileType = sourcecode.c.objc; path = SBJsonWriter.m; sourceTree = "<group>"; };
		82C0930113FD17E300D3F12D /* Insolex.app */ = {isa = PBXFileReference; explicitFileType = wrapper.application; includeInIndex = 0; path = Insolex.app; sourceTree = BUILT_PRODUCTS_DIR; };
		82C0930513FD17E300D3F12D /* UIKit.framework */ = {isa = PBXFileReference; lastKnownFileType = wrapper.framework; name = UIKit.framework; path = System/Library/Frameworks/UIKit.framework; sourceTree = SDKROOT; };
		82C0930713FD17E300D3F12D /* Foundation.framework */ = {isa = PBXFileReference; lastKnownFileType = wrapper.framework; name = Foundation.framework; path = System/Library/Frameworks/Foundation.framework; sourceTree = SDKROOT; };
		82C0930913FD17E300D3F12D /* CoreGraphics.framework */ = {isa = PBXFileReference; lastKnownFileType = wrapper.framework; name = CoreGraphics.framework; path = System/Library/Frameworks/CoreGraphics.framework; sourceTree = SDKROOT; };
		82C0930D13FD17E300D3F12D /* Insolex-Info.plist */ = {isa = PBXFileReference; lastKnownFileType = text.plist.xml; path = "Insolex-Info.plist"; sourceTree = "<group>"; };
		82C0930F13FD17E300D3F12D /* en */ = {isa = PBXFileReference; lastKnownFileType = text.plist.strings; name = en; path = en.lproj/InfoPlist.strings; sourceTree = "<group>"; };
		82C0931113FD17E300D3F12D /* Insolex-Prefix.pch */ = {isa = PBXFileReference; lastKnownFileType = sourcecode.c.h; path = "Insolex-Prefix.pch"; sourceTree = "<group>"; };
		82C0931213FD17E300D3F12D /* main.m */ = {isa = PBXFileReference; lastKnownFileType = sourcecode.c.objc; path = main.m; sourceTree = "<group>"; };
		82C0931413FD17E300D3F12D /* InsolexAppDelegate.h */ = {isa = PBXFileReference; lastKnownFileType = sourcecode.c.h; path = InsolexAppDelegate.h; sourceTree = "<group>"; };
		82C0931513FD17E300D3F12D /* InsolexAppDelegate.m */ = {isa = PBXFileReference; lastKnownFileType = sourcecode.c.objc; path = InsolexAppDelegate.m; sourceTree = "<group>"; };
		82C0931813FD17E300D3F12D /* en */ = {isa = PBXFileReference; lastKnownFileType = file.xib; name = en; path = en.lproj/MainWindow.xib; sourceTree = "<group>"; };
		82C8D5C114165A7600C5B5CD /* Staticlist_Property_List.plist */ = {isa = PBXFileReference; fileEncoding = 4; lastKnownFileType = text.plist.xml; path = Staticlist_Property_List.plist; sourceTree = "<group>"; };
		82E43380141898CB001185A2 /* CustomColors.h */ = {isa = PBXFileReference; fileEncoding = 4; lastKnownFileType = sourcecode.c.h; path = CustomColors.h; sourceTree = "<group>"; };
		82E43381141898CB001185A2 /* CustomColors.m */ = {isa = PBXFileReference; fileEncoding = 4; lastKnownFileType = sourcecode.c.objc; path = CustomColors.m; sourceTree = "<group>"; };
		82E433831418C2A5001185A2 /* logout.png */ = {isa = PBXFileReference; lastKnownFileType = image.png; path = logout.png; sourceTree = "<group>"; };
		F50C10BC140D0D3500678ED0 /* plist_surgical.plist */ = {isa = PBXFileReference; fileEncoding = 4; lastKnownFileType = text.plist.xml; path = plist_surgical.plist; sourceTree = "<group>"; };
		F53E7D571410EC4D00863783 /* app-icon.png */ = {isa = PBXFileReference; lastKnownFileType = image.png; path = "app-icon.png"; sourceTree = "<group>"; };
		F58D8C4E1410DCDF0044D4C9 /* SubmissionTrackViewcontroller.xib */ = {isa = PBXFileReference; fileEncoding = 4; lastKnownFileType = file.xib; path = SubmissionTrackViewcontroller.xib; sourceTree = "<group>"; };
		F58D8C5A1410E4410044D4C9 /* Entitlements.plist */ = {isa = PBXFileReference; fileEncoding = 4; lastKnownFileType = text.plist.xml; path = Entitlements.plist; sourceTree = "<group>"; };
		F5959F36140CBD7F00DFAA5F /* SelectionViewController.h */ = {isa = PBXFileReference; fileEncoding = 4; lastKnownFileType = sourcecode.c.h; path = SelectionViewController.h; sourceTree = "<group>"; };
		F5959F37140CBD7F00DFAA5F /* SelectionViewController.m */ = {isa = PBXFileReference; fileEncoding = 4; lastKnownFileType = sourcecode.c.objc; path = SelectionViewController.m; sourceTree = "<group>"; };
		F5959F38140CBD7F00DFAA5F /* SelectionViewController.xib */ = {isa = PBXFileReference; fileEncoding = 4; lastKnownFileType = file.xib; path = SelectionViewController.xib; sourceTree = "<group>"; };
		F5BE66F51405062300A512FC /* Json_tag_name.h */ = {isa = PBXFileReference; fileEncoding = 4; lastKnownFileType = sourcecode.c.h; path = Json_tag_name.h; sourceTree = "<group>"; };
		F5BE66FF14050D3600A512FC /* plist_security.plist */ = {isa = PBXFileReference; fileEncoding = 4; lastKnownFileType = text.plist.xml; path = plist_security.plist; sourceTree = "<group>"; };
		F5BE670014050D3600A512FC /* plist_Track_submission.plist */ = {isa = PBXFileReference; fileEncoding = 4; lastKnownFileType = text.plist.xml; path = plist_Track_submission.plist; sourceTree = "<group>"; };
/* End PBXFileReference section */

/* Begin PBXFrameworksBuildPhase section */
		82C092FE13FD17E300D3F12D /* Frameworks */ = {
			isa = PBXFrameworksBuildPhase;
			buildActionMask = 2147483647;
			files = (
				82C0930613FD17E300D3F12D /* UIKit.framework in Frameworks */,
				82C0930813FD17E300D3F12D /* Foundation.framework in Frameworks */,
				82C0930A13FD17E300D3F12D /* CoreGraphics.framework in Frameworks */,
			);
			runOnlyForDeploymentPostprocessing = 0;
		};
/* End PBXFrameworksBuildPhase section */

/* Begin PBXGroup section */
		824D4A3B13FE243000909A19 /* UI */ = {
			isa = PBXGroup;
			children = (
				F5959F34140CBD4800DFAA5F /* common */,
				824D4A3C13FE243000909A19 /* Login */,
				824D4A3D13FE243000909A19 /* MyAccount */,
				824D4A3E13FE243000909A19 /* SubmissionTrack */,
				824D4A3F13FE243000909A19 /* SubmitCase */,
			);
			path = UI;
			sourceTree = "<group>";
		};
		824D4A3C13FE243000909A19 /* Login */ = {
			isa = PBXGroup;
			children = (
				824D4A4313FE246300909A19 /* LoginViewController.h */,
				824D4A4413FE246300909A19 /* LoginViewController.m */,
				824D4A4513FE246300909A19 /* LoginViewController.xib */,
				824D4A4813FE250F00909A19 /* LoginData.h */,
				824D4A4913FE250F00909A19 /* LoginData.m */,
			);
			path = Login;
			sourceTree = "<group>";
		};
		824D4A3D13FE243000909A19 /* MyAccount */ = {
			isa = PBXGroup;
			children = (
				824D4A5A13FE295D00909A19 /* MyAccountData.h */,
				824D4A5B13FE295D00909A19 /* MyAccountData.m */,
				824D4A7113FE2EEB00909A19 /* MyAccountViewController.h */,
				824D4A7213FE2EEB00909A19 /* MyAccountViewController.m */,
				824D4A7313FE2EEB00909A19 /* MyAccountViewController.xib */,
			);
			path = MyAccount;
			sourceTree = "<group>";
		};
		824D4A3E13FE243000909A19 /* SubmissionTrack */ = {
			isa = PBXGroup;
			children = (
				824D4A5513FE291300909A19 /* SubmissionTrackViewcontroller.h */,
				824D4A5613FE291300909A19 /* SubmissionTrackViewcontroller.m */,
				F58D8C4E1410DCDF0044D4C9 /* SubmissionTrackViewcontroller.xib */,
				824D4A5D13FE297700909A19 /* SubmissionTrackData.h */,
				824D4A5E13FE297700909A19 /* SubmissionTrackData.m */,
			);
			path = SubmissionTrack;
			sourceTree = "<group>";
		};
		824D4A3F13FE243000909A19 /* SubmitCase */ = {
			isa = PBXGroup;
			children = (
				824D4A6013FE298C00909A19 /* SubmitCaseData.h */,
				824D4A6113FE298C00909A19 /* SubmitCaseData.m */,
				824D4A7613FE2F0A00909A19 /* SubmitCaseViewController.h */,
				824D4A7713FE2F0A00909A19 /* SubmitCaseViewController.m */,
				824D4A7813FE2F0A00909A19 /* SubmitCaseViewController.xib */,
			);
			path = SubmitCase;
			sourceTree = "<group>";
		};
		826623A71407A68000A8A7C3 /* Secure */ = {
			isa = PBXGroup;
			children = (
				826623A81407A68000A8A7C3 /* Base64.h */,
				826623A91407A68000A8A7C3 /* Base64.m */,
				826623AA1407A68000A8A7C3 /* NSData-AES.h */,
				826623AB1407A68000A8A7C3 /* NSData-AES.m */,
				826623AC1407A68000A8A7C3 /* rijndael.c */,
				826623AD1407A68000A8A7C3 /* rijndael.h */,
			);
			path = Secure;
			sourceTree = "<group>";
		};
		82B1B33B140E0D9E007A4753 /* JSON */ = {
			isa = PBXGroup;
			children = (
				82B1B33C140E0D9E007A4753 /* JSON.h */,
				82B1B341140E0D9E007A4753 /* NSObject+SBJSON.h */,
				82B1B342140E0D9E007A4753 /* NSObject+SBJSON.m */,
				82B1B343140E0D9E007A4753 /* NSString+SBJSON.h */,
				82B1B344140E0D9E007A4753 /* NSString+SBJSON.m */,
				82B1B345140E0D9E007A4753 /* SBJSON.h */,
				82B1B346140E0D9E007A4753 /* SBJSON.m */,
				82B1B347140E0D9E007A4753 /* SBJsonBase.h */,
				82B1B348140E0D9E007A4753 /* SBJsonBase.m */,
				82B1B349140E0D9E007A4753 /* SBJsonParser.h */,
				82B1B34A140E0D9E007A4753 /* SBJsonParser.m */,
				82B1B34B140E0D9E007A4753 /* SBJsonWriter.h */,
				82B1B34C140E0D9E007A4753 /* SBJsonWriter.m */,
			);
			path = JSON;
			sourceTree = "<group>";
		};
		82C092F613FD17E100D3F12D = {
			isa = PBXGroup;
			children = (
				F58D8C5A1410E4410044D4C9 /* Entitlements.plist */,
				82C0930B13FD17E300D3F12D /* Insolex */,
				82C0930413FD17E300D3F12D /* Frameworks */,
				82C0930213FD17E300D3F12D /* Products */,
			);
			sourceTree = "<group>";
		};
		82C0930213FD17E300D3F12D /* Products */ = {
			isa = PBXGroup;
			children = (
				82C0930113FD17E300D3F12D /* Insolex.app */,
			);
			name = Products;
			sourceTree = "<group>";
		};
		82C0930413FD17E300D3F12D /* Frameworks */ = {
			isa = PBXGroup;
			children = (
				82C0930513FD17E300D3F12D /* UIKit.framework */,
				82C0930713FD17E300D3F12D /* Foundation.framework */,
				82C0930913FD17E300D3F12D /* CoreGraphics.framework */,
			);
			name = Frameworks;
			sourceTree = "<group>";
		};
		82C0930B13FD17E300D3F12D /* Insolex */ = {
			isa = PBXGroup;
			children = (
				82C0932613FD190600D3F12D /* Images */,
				82C0932013FD18F400D3F12D /* Classes */,
				82C0931413FD17E300D3F12D /* InsolexAppDelegate.h */,
				82C0931513FD17E300D3F12D /* InsolexAppDelegate.m */,
				82C0931713FD17E300D3F12D /* MainWindow.xib */,
				82C0930C13FD17E300D3F12D /* Supporting Files */,
				824D4A8113FE4F3500909A19 /* insolex-properties.plist */,
			);
			path = Insolex;
			sourceTree = "<group>";
		};
		82C0930C13FD17E300D3F12D /* Supporting Files */ = {
			isa = PBXGroup;
			children = (
				82C8D5C114165A7600C5B5CD /* Staticlist_Property_List.plist */,
				F5BE66FF14050D3600A512FC /* plist_security.plist */,
				F5BE670014050D3600A512FC /* plist_Track_submission.plist */,
				82C0930D13FD17E300D3F12D /* Insolex-Info.plist */,
				82C0930E13FD17E300D3F12D /* InfoPlist.strings */,
				82C0931113FD17E300D3F12D /* Insolex-Prefix.pch */,
				82C0931213FD17E300D3F12D /* main.m */,
				F50C10BC140D0D3500678ED0 /* plist_surgical.plist */,
			);
			name = "Supporting Files";
			sourceTree = "<group>";
		};
		82C0932013FD18F400D3F12D /* Classes */ = {
			isa = PBXGroup;
			children = (
				824D4A3B13FE243000909A19 /* UI */,
				82C0932113FD18F400D3F12D /* Engine */,
				82C0932213FD18F400D3F12D /* Libs */,
				82C0932313FD18F400D3F12D /* ServiceHandlers */,
			);
			path = Classes;
			sourceTree = "<group>";
		};
		82C0932113FD18F400D3F12D /* Engine */ = {
			isa = PBXGroup;
			children = (
				82A2ADD913FE557000E853EF /* FlowLogicController.h */,
				82A2ADDA13FE557000E853EF /* FlowLogicController.m */,
				824D4A8913FE573300909A19 /* FlowLogicDelegate.h */,
			);
			path = Engine;
			sourceTree = "<group>";
		};
		82C0932213FD18F400D3F12D /* Libs */ = {
			isa = PBXGroup;
			children = (
				82B1B33B140E0D9E007A4753 /* JSON */,
				826623A71407A68000A8A7C3 /* Secure */,
			);
			path = Libs;
			sourceTree = "<group>";
		};
		82C0932313FD18F400D3F12D /* ServiceHandlers */ = {
			isa = PBXGroup;
			children = (
				824D4A7B13FE3A9E00909A19 /* ServerIntractor.h */,
				824D4A7C13FE3A9E00909A19 /* ServerIntractor.m */,
				824D4A7E13FE3EE200909A19 /* PlistPerfomer.h */,
				824D4A7F13FE3EE200909A19 /* PlistPerfomer.m */,
				F5BE66F51405062300A512FC /* Json_tag_name.h */,
				82B1B33A140E01D1007A4753 /* InsolexApi.h */,
			);
			path = ServiceHandlers;
			sourceTree = "<group>";
		};
		82C0932613FD190600D3F12D /* Images */ = {
			isa = PBXGroup;
			children = (
				82E433831418C2A5001185A2 /* logout.png */,
				F53E7D571410EC4D00863783 /* app-icon.png */,
				827F342E140B925D005B8716 /* customcell1.png */,
				823C787C1402491B00FCAAFD /* customcell.png */,
				8210DF8C14022D7B007D8E83 /* tableheader.png */,
				8210DF8D14022D7C007D8E83 /* tableheaderselected.png */,
				824D4A9013FE60AF00909A19 /* bg.png */,
				824D4A9113FE60AF00909A19 /* btn.png */,
				824D4A9213FE60AF00909A19 /* Checkmark_selected.png */,
				824D4A9313FE60AF00909A19 /* Checkmark_unselected.png */,
				824D4A9413FE60AF00909A19 /* combobtn.png */,
				824D4A9513FE60AF00909A19 /* forgetquestion.png */,
				824D4A9613FE60AF00909A19 /* login.png */,
				824D4A9713FE60AF00909A19 /* textbox.png */,
				824D4A9813FE60AF00909A19 /* titlelogo.png */,
			);
			path = Images;
			sourceTree = "<group>";
		};
		F5959F34140CBD4800DFAA5F /* common */ = {
			isa = PBXGroup;
			children = (
				F5959F36140CBD7F00DFAA5F /* SelectionViewController.h */,
				F5959F37140CBD7F00DFAA5F /* SelectionViewController.m */,
				F5959F38140CBD7F00DFAA5F /* SelectionViewController.xib */,
				82E43380141898CB001185A2 /* CustomColors.h */,
				82E43381141898CB001185A2 /* CustomColors.m */,
			);
			name = common;
			sourceTree = "<group>";
		};
/* End PBXGroup section */

/* Begin PBXNativeTarget section */
		82C0930013FD17E300D3F12D /* Insolex */ = {
			isa = PBXNativeTarget;
			buildConfigurationList = 82C0931C13FD17E300D3F12D /* Build configuration list for PBXNativeTarget "Insolex" */;
			buildPhases = (
				82C092FD13FD17E300D3F12D /* Sources */,
				82C092FE13FD17E300D3F12D /* Frameworks */,
				82C092FF13FD17E300D3F12D /* Resources */,
			);
			buildRules = (
			);
			dependencies = (
			);
			name = Insolex;
			productName = Insolex;
			productReference = 82C0930113FD17E300D3F12D /* Insolex.app */;
			productType = "com.apple.product-type.application";
		};
/* End PBXNativeTarget section */

/* Begin PBXProject section */
		82C092F813FD17E100D3F12D /* Project object */ = {
			isa = PBXProject;
			buildConfigurationList = 82C092FB13FD17E100D3F12D /* Build configuration list for PBXProject "Insolex" */;
			compatibilityVersion = "Xcode 3.2";
			developmentRegion = English;
			hasScannedForEncodings = 0;
			knownRegions = (
				en,
			);
			mainGroup = 82C092F613FD17E100D3F12D;
			productRefGroup = 82C0930213FD17E300D3F12D /* Products */;
			projectDirPath = "";
			projectRoot = "";
			targets = (
				82C0930013FD17E300D3F12D /* Insolex */,
			);
		};
/* End PBXProject section */

/* Begin PBXResourcesBuildPhase section */
		82C092FF13FD17E300D3F12D /* Resources */ = {
			isa = PBXResourcesBuildPhase;
			buildActionMask = 2147483647;
			files = (
				82C0931013FD17E300D3F12D /* InfoPlist.strings in Resources */,
				82C0931913FD17E300D3F12D /* MainWindow.xib in Resources */,
				824D4A4713FE246300909A19 /* LoginViewController.xib in Resources */,
				824D4A7513FE2EEB00909A19 /* MyAccountViewController.xib in Resources */,
				824D4A7A13FE2F0A00909A19 /* SubmitCaseViewController.xib in Resources */,
				824D4A8213FE4F3700909A19 /* insolex-properties.plist in Resources */,
				824D4A9913FE60AF00909A19 /* bg.png in Resources */,
				824D4A9A13FE60AF00909A19 /* btn.png in Resources */,
				824D4A9B13FE60AF00909A19 /* Checkmark_selected.png in Resources */,
				824D4A9C13FE60AF00909A19 /* Checkmark_unselected.png in Resources */,
				824D4A9D13FE60AF00909A19 /* combobtn.png in Resources */,
				824D4A9E13FE60AF00909A19 /* forgetquestion.png in Resources */,
				824D4A9F13FE60AF00909A19 /* login.png in Resources */,
				824D4AA013FE60AF00909A19 /* textbox.png in Resources */,
				824D4AA113FE60AF00909A19 /* titlelogo.png in Resources */,
				8210DF8E14022D7D007D8E83 /* tableheader.png in Resources */,
				8210DF8F14022D7D007D8E83 /* tableheaderselected.png in Resources */,
				823C787D1402491B00FCAAFD /* customcell.png in Resources */,
				F5BE670114050D3600A512FC /* plist_security.plist in Resources */,
				F5BE670214050D3600A512FC /* plist_Track_submission.plist in Resources */,
				827F342F140B925E005B8716 /* customcell1.png in Resources */,
				F5959F3A140CBD7F00DFAA5F /* SelectionViewController.xib in Resources */,
				F50C10BD140D0D3500678ED0 /* plist_surgical.plist in Resources */,
				F58D8C4F1410DCE00044D4C9 /* SubmissionTrackViewcontroller.xib in Resources */,
				F58D8C5B1410E4480044D4C9 /* Entitlements.plist in Resources */,
				F53E7D581410EC4D00863783 /* app-icon.png in Resources */,
				82C8D5C214165A7600C5B5CD /* Staticlist_Property_List.plist in Resources */,
				82E433841418C2A5001185A2 /* logout.png in Resources */,
			);
			runOnlyForDeploymentPostprocessing = 0;
		};
/* End PBXResourcesBuildPhase section */

/* Begin PBXSourcesBuildPhase section */
		82C092FD13FD17E300D3F12D /* Sources */ = {
			isa = PBXSourcesBuildPhase;
			buildActionMask = 2147483647;
			files = (
				82C0931313FD17E300D3F12D /* main.m in Sources */,
				82C0931613FD17E300D3F12D /* InsolexAppDelegate.m in Sources */,
				824D4A4613FE246300909A19 /* LoginViewController.m in Sources */,
				824D4A4A13FE250F00909A19 /* LoginData.m in Sources */,
				824D4A5813FE291300909A19 /* SubmissionTrackViewcontroller.m in Sources */,
				824D4A5C13FE295D00909A19 /* MyAccountData.m in Sources */,
				824D4A5F13FE297800909A19 /* SubmissionTrackData.m in Sources */,
				824D4A6213FE298C00909A19 /* SubmitCaseData.m in Sources */,
				824D4A7413FE2EEB00909A19 /* MyAccountViewController.m in Sources */,
				824D4A7913FE2F0A00909A19 /* SubmitCaseViewController.m in Sources */,
				824D4A7D13FE3A9E00909A19 /* ServerIntractor.m in Sources */,
				824D4A8013FE3EE300909A19 /* PlistPerfomer.m in Sources */,
				82A2ADDB13FE557000E853EF /* FlowLogicController.m in Sources */,
				826623AE1407A68000A8A7C3 /* Base64.m in Sources */,
				826623AF1407A68000A8A7C3 /* NSData-AES.m in Sources */,
				826623B01407A68000A8A7C3 /* rijndael.c in Sources */,
				F5959F39140CBD7F00DFAA5F /* SelectionViewController.m in Sources */,
				82B1B34F140E0D9E007A4753 /* NSObject+SBJSON.m in Sources */,
				82B1B350140E0D9E007A4753 /* NSString+SBJSON.m in Sources */,
				82B1B351140E0D9E007A4753 /* SBJSON.m in Sources */,
				82B1B352140E0D9E007A4753 /* SBJsonBase.m in Sources */,
				82B1B353140E0D9E007A4753 /* SBJsonParser.m in Sources */,
				82B1B354140E0D9E007A4753 /* SBJsonWriter.m in Sources */,
				82E43382141898CB001185A2 /* CustomColors.m in Sources */,
			);
			runOnlyForDeploymentPostprocessing = 0;
		};
/* End PBXSourcesBuildPhase section */

/* Begin PBXVariantGroup section */
		82C0930E13FD17E300D3F12D /* InfoPlist.strings */ = {
			isa = PBXVariantGroup;
			children = (
				82C0930F13FD17E300D3F12D /* en */,
			);
			name = InfoPlist.strings;
			sourceTree = "<group>";
		};
		82C0931713FD17E300D3F12D /* MainWindow.xib */ = {
			isa = PBXVariantGroup;
			children = (
				82C0931813FD17E300D3F12D /* en */,
			);
			name = MainWindow.xib;
			sourceTree = "<group>";
		};
/* End PBXVariantGroup section */

/* Begin XCBuildConfiguration section */
		82C0931A13FD17E300D3F12D /* Debug */ = {
			isa = XCBuildConfiguration;
			buildSettings = {
				ARCHS = "$(ARCHS_STANDARD_32_BIT)";
				"CODE_SIGN_IDENTITY[sdk=iphoneos*]" = "iPhone Developer";
				GCC_C_LANGUAGE_STANDARD = gnu99;
				GCC_OPTIMIZATION_LEVEL = 0;
				GCC_PREPROCESSOR_DEFINITIONS = DEBUG;
				GCC_SYMBOLS_PRIVATE_EXTERN = NO;
				GCC_VERSION = com.apple.compilers.llvmgcc42;
				GCC_WARN_ABOUT_RETURN_TYPE = YES;
				GCC_WARN_UNUSED_VARIABLE = YES;
				IPHONEOS_DEPLOYMENT_TARGET = 4.3;
				SDKROOT = iphoneos;
			};
			name = Debug;
		};
		82C0931B13FD17E300D3F12D /* Release */ = {
			isa = XCBuildConfiguration;
			buildSettings = {
				ARCHS = "$(ARCHS_STANDARD_32_BIT)";
				"CODE_SIGN_IDENTITY[sdk=iphoneos*]" = "iPhone Developer";
				GCC_C_LANGUAGE_STANDARD = gnu99;
				GCC_VERSION = com.apple.compilers.llvmgcc42;
				GCC_WARN_ABOUT_RETURN_TYPE = YES;
				GCC_WARN_UNUSED_VARIABLE = YES;
				IPHONEOS_DEPLOYMENT_TARGET = 4.3;
				OTHER_CFLAGS = "-DNS_BLOCK_ASSERTIONS=1";
				SDKROOT = iphoneos;
			};
			name = Release;
		};
		82C0931D13FD17E300D3F12D /* Debug */ = {
			isa = XCBuildConfiguration;
			buildSettings = {
				ALWAYS_SEARCH_USER_PATHS = NO;
				CODE_SIGN_ENTITLEMENTS = Entitlements.plist;
				CODE_SIGN_IDENTITY = "iPhone Distribution: Hakuna Matata";
				"CODE_SIGN_IDENTITY[sdk=iphoneos*]" = "iPhone Distribution: Hakuna Matata";
				COMPRESS_PNG_FILES = YES;
				COPY_PHASE_STRIP = NO;
				GCC_DYNAMIC_NO_PIC = NO;
				GCC_PRECOMPILE_PREFIX_HEADER = YES;
				GCC_PREFIX_HEADER = "Insolex/Insolex-Prefix.pch";
				INFOPLIST_FILE = "Insolex/Insolex-Info.plist";
				IPHONEOS_DEPLOYMENT_TARGET = 3.1;
				PRODUCT_NAME = "$(TARGET_NAME)";
				PROVISIONING_PROFILE = "453D548F-B725-4E9C-85AF-6359ADECADC4";
				"PROVISIONING_PROFILE[sdk=iphoneos*]" = "453D548F-B725-4E9C-85AF-6359ADECADC4";
				WRAPPER_EXTENSION = app;
			};
			name = Debug;
		};
		82C0931E13FD17E300D3F12D /* Release */ = {
			isa = XCBuildConfiguration;
			buildSettings = {
				ALWAYS_SEARCH_USER_PATHS = NO;
				CODE_SIGN_ENTITLEMENTS = Entitlements.plist;
				CODE_SIGN_IDENTITY = "iPhone Distribution: Hakuna Matata";
				COMPRESS_PNG_FILES = YES;
				COPY_PHASE_STRIP = YES;
				GCC_PRECOMPILE_PREFIX_HEADER = YES;
				GCC_PREFIX_HEADER = "Insolex/Insolex-Prefix.pch";
				INFOPLIST_FILE = "Insolex/Insolex-Info.plist";
				IPHONEOS_DEPLOYMENT_TARGET = 3.1;
				PRODUCT_NAME = "$(TARGET_NAME)";
				PROVISIONING_PROFILE = "453D548F-B725-4E9C-85AF-6359ADECADC4";
				VALIDATE_PRODUCT = YES;
				WRAPPER_EXTENSION = app;
			};
			name = Release;
		};
/* End XCBuildConfiguration section */

/* Begin XCConfigurationList section */
		82C092FB13FD17E100D3F12D /* Build configuration list for PBXProject "Insolex" */ = {
			isa = XCConfigurationList;
			buildConfigurations = (
				82C0931A13FD17E300D3F12D /* Debug */,
				82C0931B13FD17E300D3F12D /* Release */,
			);
			defaultConfigurationIsVisible = 0;
			defaultConfigurationName = Release;
		};
		82C0931C13FD17E300D3F12D /* Build configuration list for PBXNativeTarget "Insolex" */ = {
			isa = XCConfigurationList;
			buildConfigurations = (
				82C0931D13FD17E300D3F12D /* Debug */,
				82C0931E13FD17E300D3F12D /* Release */,
			);
			defaultConfigurationIsVisible = 0;
			defaultConfigurationName = Release;
		};
/* End XCConfigurationList section */
	};
	rootObject = 82C092F813FD17E100D3F12D /* Project object */;
}
